PODS:
  - Flurry-iOS-SDK/FlurryAds (8.1.0):
    - Flurry-iOS-SDK/FlurrySDK
  - Flurry-iOS-SDK/FlurrySDK (8.1.0)
  - SpriteKitEasingSwift (0.10)
  - SwiftyGif (3.0.3)
  - SwiftyOnboard (1.3.3)

DEPENDENCIES:
  - Flurry-iOS-SDK/FlurryAds
  - Flurry-iOS-SDK/FlurrySDK
  - SpriteKitEasingSwift
  - SwiftyGif
  - SwiftyOnboard

SPEC CHECKSUMS:
  Flurry-iOS-SDK: 51065be4436f3e21fc8d3d7bb0b7d6869df6333d
  SpriteKitEasingSwift: 511748b42a203e93a800dc6cd07f71e8b37c6401
  SwiftyGif: 89a0bb19709bdb6990e10405ad456d8bea804a65
  SwiftyOnboard: 349a04c16751c26d63c80ee394e3250b2d023816

PODFILE CHECKSUM: 6f2a1c95ba94485ff7fae02695eb9c3d7fb70370

COCOAPODS: 1.2.1
